# THIS IS AN AUTOGENERATED FILE. DO NOT EDIT THIS FILE DIRECTLY.
# yarn lockfile v1


"@here/harp.gl@^0.2.4":
  version "0.2.4"
  resolved "https://registry.yarnpkg.com/@here/harp.gl/-/harp.gl-0.2.4.tgz#83022c332f23a04bce2d19295eab42c4e2e0d643"
  integrity sha512-7+ZvJQxCwNeXeHI5OVwpmHIq6RWkdIq/HsubOD/D0gN3mcxoV4oSaHGdI9hbV6qejbMg+WGotL54kPYaKTUpbQ==
  dependencies:
    three "^0.105.2"

three@^0.105.2:
  version "0.105.2"
  resolved "https://registry.yarnpkg.com/three/-/three-0.105.2.tgz#d135f1549bdcf5a9acd904ba3dbf9198a0268984"
  integrity sha512-L3Al37k4g3hVbgFFS251UVtIc25chhyN0/RvXzR0C+uIBToV6EKDG+MZzEXm9L2miGUVMK27W46/VkP6WUZXMg==
